
Microsoft Visual Studio Solution File, Format Version 12.00
Project("{FAE04EC0-301F-11D3-BF4B-00C04F79EFBC}") = "AdventOfCode2022", "AdventOfCode2022\AdventOfCode2022.csproj", "{52060FDE-37FD-4DE4-B574-1576B1F68C21}"
EndProject
Project("{FAE04EC0-301F-11D3-BF4B-00C04F79EFBC}") = "AdventOfCode2022Tests", "AdventOfCode2022Tests\AdventOfCode2022Tests.csproj", "{1FCF4B58-4940-4F10-8675-6D7D1055B366}"
EndProject
Global
	GlobalSection(SolutionConfigurationPlatforms) = preSolution
		Debug|Any CPU = Debug|Any CPU
		Release|Any CPU = Release|Any CPU
	EndGlobalSection
	GlobalSection(ProjectConfigurationPlatforms) = postSolution
		{52060FDE-37FD-4DE4-B574-1576B1F68C21}.Debug|Any CPU.ActiveCfg = Debug|Any CPU
		{52060FDE-37FD-4DE4-B574-1576B1F68C21}.Debug|Any CPU.Build.0 = Debug|Any CPU
		{52060FDE-37FD-4DE4-B574-1576B1F68C21}.Release|Any CPU.ActiveCfg = Release|Any CPU
		{52060FDE-37FD-4DE4-B574-1576B1F68C21}.Release|Any CPU.Build.0 = Release|Any CPU
		{1FCF4B58-4940-4F10-8675-6D7D1055B366}.Debug|Any CPU.ActiveCfg = Debug|Any CPU
		{1FCF4B58-4940-4F10-8675-6D7D1055B366}.Debug|Any CPU.Build.0 = Debug|Any CPU
		{1FCF4B58-4940-4F10-8675-6D7D1055B366}.Release|Any CPU.ActiveCfg = Release|Any CPU
		{1FCF4B58-4940-4F10-8675-6D7D1055B366}.Release|Any CPU.Build.0 = Release|Any CPU
	EndGlobalSection
EndGlobal
